# This file was autogenerated by Stack.
# You should not edit this file by hand.
# For more information, please see the documentation at:
#   https://docs.haskellstack.org/en/stable/lock_files

packages:
- completed:
    hackage: microtimer-0.0.1.2@sha256:daf649a763408f8dc118e0ac2cedd847b426252377a958e0d3aacc8cb4db2c34,1092
    pantry-tree:
      size: 431
      sha256: 2739f80662e6d85ff22e7aab5a2623fd04e982d3bd9a7ea6175cecaac6d7e376
  original:
    hackage: microtimer-0.0.1.2@sha256:daf649a763408f8dc118e0ac2cedd847b426252377a958e0d3aacc8cb4db2c34,1092
snapshots:
- completed:
    size: 586923
    url: https://raw.githubusercontent.com/commercialhaskell/stackage-snapshots/master/lts/18/9.yaml
    sha256: 9f9fe35c949414146840a985fb228fd397c504d1781b834bfc9ab935f4d27df6
  original:
    url: https://raw.githubusercontent.com/commercialhaskell/stackage-snapshots/master/lts/18/9.yaml
